
Microsoft Visual Studio Solution File, Format Version 12.00
# Visual Studio 2013
VisualStudioVersion = 12.0.30324.0
MinimumVisualStudioVersion = 10.0.40219.1
Project("{FAE04EC0-301F-11D3-BF4B-00C04F79EFBC}") = "WH.Web", "WH.Interview\WH.Web.csproj", "{97FAFB53-8A90-4257-B1B3-E9FE2EC5CD3D}"
EndProject
Project("{FAE04EC0-301F-11D3-BF4B-00C04F79EFBC}") = "WH.Business", "WH.Business\WH.Business.csproj", "{CF659484-9114-41C7-A9D0-419F8C028F45}"
EndProject
Project("{FAE04EC0-301F-11D3-BF4B-00C04F79EFBC}") = "WH.Domain", "WH.Domain\WH.Domain.csproj", "{3C1B5562-CC7F-4138-AE83-B76953316126}"
EndProject
Project("{FAE04EC0-301F-11D3-BF4B-00C04F79EFBC}") = "WH.Data", "WH.Data\WH.Data.csproj", "{6A756B22-7A22-455F-899D-DAFE035E38B9}"
EndProject
Project("{2150E333-8FDC-42A3-9474-1A3956D46DE8}") = "Tests", "Tests", "{0AF5A3B6-4D1B-49E5-AD61-EB61456EAB76}"
EndProject
Project("{FAE04EC0-301F-11D3-BF4B-00C04F79EFBC}") = "WH.IntegrationTests", "Tests\WH.IntegrationTests\WH.IntegrationTests.csproj", "{51862CD6-4941-4C2B-8574-EADFEA70A61A}"
EndProject
Global
	GlobalSection(SolutionConfigurationPlatforms) = preSolution
		Debug|Any CPU = Debug|Any CPU
		Release|Any CPU = Release|Any CPU
	EndGlobalSection
	GlobalSection(ProjectConfigurationPlatforms) = postSolution
		{97FAFB53-8A90-4257-B1B3-E9FE2EC5CD3D}.Debug|Any CPU.ActiveCfg = Debug|Any CPU
		{97FAFB53-8A90-4257-B1B3-E9FE2EC5CD3D}.Debug|Any CPU.Build.0 = Debug|Any CPU
		{97FAFB53-8A90-4257-B1B3-E9FE2EC5CD3D}.Release|Any CPU.ActiveCfg = Release|Any CPU
		{97FAFB53-8A90-4257-B1B3-E9FE2EC5CD3D}.Release|Any CPU.Build.0 = Release|Any CPU
		{CF659484-9114-41C7-A9D0-419F8C028F45}.Debug|Any CPU.ActiveCfg = Debug|Any CPU
		{CF659484-9114-41C7-A9D0-419F8C028F45}.Debug|Any CPU.Build.0 = Debug|Any CPU
		{CF659484-9114-41C7-A9D0-419F8C028F45}.Release|Any CPU.ActiveCfg = Release|Any CPU
		{CF659484-9114-41C7-A9D0-419F8C028F45}.Release|Any CPU.Build.0 = Release|Any CPU
		{3C1B5562-CC7F-4138-AE83-B76953316126}.Debug|Any CPU.ActiveCfg = Debug|Any CPU
		{3C1B5562-CC7F-4138-AE83-B76953316126}.Debug|Any CPU.Build.0 = Debug|Any CPU
		{3C1B5562-CC7F-4138-AE83-B76953316126}.Release|Any CPU.ActiveCfg = Release|Any CPU
		{3C1B5562-CC7F-4138-AE83-B76953316126}.Release|Any CPU.Build.0 = Release|Any CPU
		{6A756B22-7A22-455F-899D-DAFE035E38B9}.Debug|Any CPU.ActiveCfg = Debug|Any CPU
		{6A756B22-7A22-455F-899D-DAFE035E38B9}.Debug|Any CPU.Build.0 = Debug|Any CPU
		{6A756B22-7A22-455F-899D-DAFE035E38B9}.Release|Any CPU.ActiveCfg = Release|Any CPU
		{6A756B22-7A22-455F-899D-DAFE035E38B9}.Release|Any CPU.Build.0 = Release|Any CPU
		{51862CD6-4941-4C2B-8574-EADFEA70A61A}.Debug|Any CPU.ActiveCfg = Debug|Any CPU
		{51862CD6-4941-4C2B-8574-EADFEA70A61A}.Debug|Any CPU.Build.0 = Debug|Any CPU
		{51862CD6-4941-4C2B-8574-EADFEA70A61A}.Release|Any CPU.ActiveCfg = Release|Any CPU
		{51862CD6-4941-4C2B-8574-EADFEA70A61A}.Release|Any CPU.Build.0 = Release|Any CPU
	EndGlobalSection
	GlobalSection(SolutionProperties) = preSolution
		HideSolutionNode = FALSE
	EndGlobalSection
	GlobalSection(NestedProjects) = preSolution
		{51862CD6-4941-4C2B-8574-EADFEA70A61A} = {0AF5A3B6-4D1B-49E5-AD61-EB61456EAB76}
	EndGlobalSection
EndGlobal
